
Microsoft Visual Studio Solution File, Format Version 12.00
# Visual Studio Version 17
VisualStudioVersion = 17.0.31912.275
MinimumVisualStudioVersion = 10.0.40219.1
Project("{FAE04EC0-301F-11D3-BF4B-00C04F79EFBC}") = "FluentLauncher", "FluentLauncher\FluentLauncher.csproj", "{BDEF0EC5-C178-4AD6-B28D-F8A8C559A607}"
EndProject
Project("{C7167F0D-BC9F-4E6E-AFE1-012C56B48DB5}") = "FluentLauncher.Wrapper", "FluentLauncher.Wrapper\FluentLauncher.Wrapper.wapproj", "{F79582AE-9615-4549-8919-C8740355D47A}"
EndProject
Project("{9A19103F-16F7-4668-BE54-9A1E7A4F7556}") = "FluentLauncher.DesktopBridge", "FluentLauncher.DesktopBridge\FluentLauncher.DesktopBridge.csproj", "{328DC4BB-7799-4B7D-B47F-0EA667275CCD}"
EndProject
Project("{9A19103F-16F7-4668-BE54-9A1E7A4F7556}") = "FluentCore", "..\..\FluentCore\FluentCore\FluentCore.csproj", "{6512FA5B-041A-4FA9-9BBC-3CB2F5A69E0F}"
EndProject
Project("{9A19103F-16F7-4668-BE54-9A1E7A4F7556}") = "FluentCore.Extend", "..\..\FluentCore\FluentCore.Extend\FluentCore.Extend.csproj", "{CF2E8088-71AC-4FAF-86E8-238A1F2146C4}"
EndProject
Project("{2150E333-8FDC-42A3-9474-1A3956D46DE8}") = "Solution Items", "Solution Items", "{E0125B69-23FA-4374-9CE5-E49DD77AD787}"
	ProjectSection(SolutionItems) = preProject
		.editorconfig = .editorconfig
	EndProjectSection
EndProject
Global
	GlobalSection(SolutionConfigurationPlatforms) = preSolution
		Debug|Any CPU = Debug|Any CPU
		Debug|ARM = Debug|ARM
		Debug|ARM64 = Debug|ARM64
		Debug|x64 = Debug|x64
		Debug|x86 = Debug|x86
		Release|Any CPU = Release|Any CPU
		Release|ARM = Release|ARM
		Release|ARM64 = Release|ARM64
		Release|x64 = Release|x64
		Release|x86 = Release|x86
	EndGlobalSection
	GlobalSection(ProjectConfigurationPlatforms) = postSolution
		{BDEF0EC5-C178-4AD6-B28D-F8A8C559A607}.Debug|Any CPU.ActiveCfg = Debug|x64
		{BDEF0EC5-C178-4AD6-B28D-F8A8C559A607}.Debug|Any CPU.Build.0 = Debug|x64
		{BDEF0EC5-C178-4AD6-B28D-F8A8C559A607}.Debug|Any CPU.Deploy.0 = Debug|x64
		{BDEF0EC5-C178-4AD6-B28D-F8A8C559A607}.Debug|ARM.ActiveCfg = Debug|ARM
		{BDEF0EC5-C178-4AD6-B28D-F8A8C559A607}.Debug|ARM.Build.0 = Debug|ARM
		{BDEF0EC5-C178-4AD6-B28D-F8A8C559A607}.Debug|ARM.Deploy.0 = Debug|ARM
		{BDEF0EC5-C178-4AD6-B28D-F8A8C559A607}.Debug|ARM64.ActiveCfg = Debug|ARM64
		{BDEF0EC5-C178-4AD6-B28D-F8A8C559A607}.Debug|ARM64.Build.0 = Debug|ARM64
		{BDEF0EC5-C178-4AD6-B28D-F8A8C559A607}.Debug|ARM64.Deploy.0 = Debug|ARM64
		{BDEF0EC5-C178-4AD6-B28D-F8A8C559A607}.Debug|x64.ActiveCfg = Debug|x64
		{BDEF0EC5-C178-4AD6-B28D-F8A8C559A607}.Debug|x64.Build.0 = Debug|x64
		{BDEF0EC5-C178-4AD6-B28D-F8A8C559A607}.Debug|x64.Deploy.0 = Debug|x64
		{BDEF0EC5-C178-4AD6-B28D-F8A8C559A607}.Debug|x86.ActiveCfg = Debug|x86
		{BDEF0EC5-C178-4AD6-B28D-F8A8C559A607}.Debug|x86.Build.0 = Debug|x86
		{BDEF0EC5-C178-4AD6-B28D-F8A8C559A607}.Release|Any CPU.ActiveCfg = Release|x64
		{BDEF0EC5-C178-4AD6-B28D-F8A8C559A607}.Release|Any CPU.Build.0 = Release|x64
		{BDEF0EC5-C178-4AD6-B28D-F8A8C559A607}.Release|Any CPU.Deploy.0 = Release|x64
		{BDEF0EC5-C178-4AD6-B28D-F8A8C559A607}.Release|ARM.ActiveCfg = Release|ARM
		{BDEF0EC5-C178-4AD6-B28D-F8A8C559A607}.Release|ARM.Build.0 = Release|ARM
		{BDEF0EC5-C178-4AD6-B28D-F8A8C559A607}.Release|ARM.Deploy.0 = Release|ARM
		{BDEF0EC5-C178-4AD6-B28D-F8A8C559A607}.Release|ARM64.ActiveCfg = Release|ARM64
		{BDEF0EC5-C178-4AD6-B28D-F8A8C559A607}.Release|ARM64.Build.0 = Release|ARM64
		{BDEF0EC5-C178-4AD6-B28D-F8A8C559A607}.Release|ARM64.Deploy.0 = Release|ARM64
		{BDEF0EC5-C178-4AD6-B28D-F8A8C559A607}.Release|x64.ActiveCfg = Release|x64
		{BDEF0EC5-C178-4AD6-B28D-F8A8C559A607}.Release|x64.Build.0 = Release|x64
		{BDEF0EC5-C178-4AD6-B28D-F8A8C559A607}.Release|x64.Deploy.0 = Release|x64
		{BDEF0EC5-C178-4AD6-B28D-F8A8C559A607}.Release|x86.ActiveCfg = Release|x86
		{BDEF0EC5-C178-4AD6-B28D-F8A8C559A607}.Release|x86.Build.0 = Release|x86
		{BDEF0EC5-C178-4AD6-B28D-F8A8C559A607}.Release|x86.Deploy.0 = Release|x86
		{F79582AE-9615-4549-8919-C8740355D47A}.Debug|Any CPU.ActiveCfg = Debug|Any CPU
		{F79582AE-9615-4549-8919-C8740355D47A}.Debug|Any CPU.Build.0 = Debug|Any CPU
		{F79582AE-9615-4549-8919-C8740355D47A}.Debug|Any CPU.Deploy.0 = Debug|Any CPU
		{F79582AE-9615-4549-8919-C8740355D47A}.Debug|ARM.ActiveCfg = Debug|ARM
		{F79582AE-9615-4549-8919-C8740355D47A}.Debug|ARM.Build.0 = Debug|ARM
		{F79582AE-9615-4549-8919-C8740355D47A}.Debug|ARM.Deploy.0 = Debug|ARM
		{F79582AE-9615-4549-8919-C8740355D47A}.Debug|ARM64.ActiveCfg = Debug|ARM64
		{F79582AE-9615-4549-8919-C8740355D47A}.Debug|ARM64.Build.0 = Debug|ARM64
		{F79582AE-9615-4549-8919-C8740355D47A}.Debug|ARM64.Deploy.0 = Debug|ARM64
		{F79582AE-9615-4549-8919-C8740355D47A}.Debug|x64.ActiveCfg = Debug|x64
		{F79582AE-9615-4549-8919-C8740355D47A}.Debug|x64.Build.0 = Debug|x64
		{F79582AE-9615-4549-8919-C8740355D47A}.Debug|x64.Deploy.0 = Debug|x64
		{F79582AE-9615-4549-8919-C8740355D47A}.Debug|x86.ActiveCfg = Debug|x86
		{F79582AE-9615-4549-8919-C8740355D47A}.Debug|x86.Build.0 = Debug|x86
		{F79582AE-9615-4549-8919-C8740355D47A}.Debug|x86.Deploy.0 = Debug|x86
		{F79582AE-9615-4549-8919-C8740355D47A}.Release|Any CPU.ActiveCfg = Release|Any CPU
		{F79582AE-9615-4549-8919-C8740355D47A}.Release|Any CPU.Build.0 = Release|Any CPU
		{F79582AE-9615-4549-8919-C8740355D47A}.Release|Any CPU.Deploy.0 = Release|Any CPU
		{F79582AE-9615-4549-8919-C8740355D47A}.Release|ARM.ActiveCfg = Release|ARM
		{F79582AE-9615-4549-8919-C8740355D47A}.Release|ARM.Build.0 = Release|ARM
		{F79582AE-9615-4549-8919-C8740355D47A}.Release|ARM.Deploy.0 = Release|ARM
		{F79582AE-9615-4549-8919-C8740355D47A}.Release|ARM64.ActiveCfg = Release|ARM64
		{F79582AE-9615-4549-8919-C8740355D47A}.Release|ARM64.Build.0 = Release|ARM64
		{F79582AE-9615-4549-8919-C8740355D47A}.Release|ARM64.Deploy.0 = Release|ARM64
		{F79582AE-9615-4549-8919-C8740355D47A}.Release|x64.ActiveCfg = Release|x64
		{F79582AE-9615-4549-8919-C8740355D47A}.Release|x64.Build.0 = Release|x64
		{F79582AE-9615-4549-8919-C8740355D47A}.Release|x64.Deploy.0 = Release|x64
		{F79582AE-9615-4549-8919-C8740355D47A}.Release|x86.ActiveCfg = Release|x86
		{F79582AE-9615-4549-8919-C8740355D47A}.Release|x86.Build.0 = Release|x86
		{F79582AE-9615-4549-8919-C8740355D47A}.Release|x86.Deploy.0 = Release|x86
		{328DC4BB-7799-4B7D-B47F-0EA667275CCD}.Debug|Any CPU.ActiveCfg = Debug|Any CPU
		{328DC4BB-7799-4B7D-B47F-0EA667275CCD}.Debug|Any CPU.Build.0 = Debug|Any CPU
		{328DC4BB-7799-4B7D-B47F-0EA667275CCD}.Debug|ARM.ActiveCfg = Debug|Any CPU
		{328DC4BB-7799-4B7D-B47F-0EA667275CCD}.Debug|ARM.Build.0 = Debug|Any CPU
		{328DC4BB-7799-4B7D-B47F-0EA667275CCD}.Debug|ARM64.ActiveCfg = Debug|Any CPU
		{328DC4BB-7799-4B7D-B47F-0EA667275CCD}.Debug|ARM64.Build.0 = Debug|Any CPU
		{328DC4BB-7799-4B7D-B47F-0EA667275CCD}.Debug|x64.ActiveCfg = Debug|Any CPU
		{328DC4BB-7799-4B7D-B47F-0EA667275CCD}.Debug|x64.Build.0 = Debug|Any CPU
		{328DC4BB-7799-4B7D-B47F-0EA667275CCD}.Debug|x86.ActiveCfg = Debug|Any CPU
		{328DC4BB-7799-4B7D-B47F-0EA667275CCD}.Debug|x86.Build.0 = Debug|Any CPU
		{328DC4BB-7799-4B7D-B47F-0EA667275CCD}.Release|Any CPU.ActiveCfg = Release|Any CPU
		{328DC4BB-7799-4B7D-B47F-0EA667275CCD}.Release|Any CPU.Build.0 = Release|Any CPU
		{328DC4BB-7799-4B7D-B47F-0EA667275CCD}.Release|ARM.ActiveCfg = Release|Any CPU
		{328DC4BB-7799-4B7D-B47F-0EA667275CCD}.Release|ARM.Build.0 = Release|Any CPU
		{328DC4BB-7799-4B7D-B47F-0EA667275CCD}.Release|ARM64.ActiveCfg = Release|Any CPU
		{328DC4BB-7799-4B7D-B47F-0EA667275CCD}.Release|ARM64.Build.0 = Release|Any CPU
		{328DC4BB-7799-4B7D-B47F-0EA667275CCD}.Release|x64.ActiveCfg = Release|Any CPU
		{328DC4BB-7799-4B7D-B47F-0EA667275CCD}.Release|x64.Build.0 = Release|Any CPU
		{328DC4BB-7799-4B7D-B47F-0EA667275CCD}.Release|x86.ActiveCfg = Release|Any CPU
		{328DC4BB-7799-4B7D-B47F-0EA667275CCD}.Release|x86.Build.0 = Release|Any CPU
		{6512FA5B-041A-4FA9-9BBC-3CB2F5A69E0F}.Debug|Any CPU.ActiveCfg = Debug|Any CPU
		{6512FA5B-041A-4FA9-9BBC-3CB2F5A69E0F}.Debug|Any CPU.Build.0 = Debug|Any CPU
		{6512FA5B-041A-4FA9-9BBC-3CB2F5A69E0F}.Debug|ARM.ActiveCfg = Debug|Any CPU
		{6512FA5B-041A-4FA9-9BBC-3CB2F5A69E0F}.Debug|ARM.Build.0 = Debug|Any CPU
		{6512FA5B-041A-4FA9-9BBC-3CB2F5A69E0F}.Debug|ARM64.ActiveCfg = Debug|Any CPU
		{6512FA5B-041A-4FA9-9BBC-3CB2F5A69E0F}.Debug|ARM64.Build.0 = Debug|Any CPU
		{6512FA5B-041A-4FA9-9BBC-3CB2F5A69E0F}.Debug|x64.ActiveCfg = Debug|Any CPU
		{6512FA5B-041A-4FA9-9BBC-3CB2F5A69E0F}.Debug|x64.Build.0 = Debug|Any CPU
		{6512FA5B-041A-4FA9-9BBC-3CB2F5A69E0F}.Debug|x86.ActiveCfg = Debug|Any CPU
		{6512FA5B-041A-4FA9-9BBC-3CB2F5A69E0F}.Debug|x86.Build.0 = Debug|Any CPU
		{6512FA5B-041A-4FA9-9BBC-3CB2F5A69E0F}.Release|Any CPU.ActiveCfg = Release|Any CPU
		{6512FA5B-041A-4FA9-9BBC-3CB2F5A69E0F}.Release|Any CPU.Build.0 = Release|Any CPU
		{6512FA5B-041A-4FA9-9BBC-3CB2F5A69E0F}.Release|ARM.ActiveCfg = Release|Any CPU
		{6512FA5B-041A-4FA9-9BBC-3CB2F5A69E0F}.Release|ARM.Build.0 = Release|Any CPU
		{6512FA5B-041A-4FA9-9BBC-3CB2F5A69E0F}.Release|ARM64.ActiveCfg = Release|Any CPU
		{6512FA5B-041A-4FA9-9BBC-3CB2F5A69E0F}.Release|ARM64.Build.0 = Release|Any CPU
		{6512FA5B-041A-4FA9-9BBC-3CB2F5A69E0F}.Release|x64.ActiveCfg = Release|Any CPU
		{6512FA5B-041A-4FA9-9BBC-3CB2F5A69E0F}.Release|x64.Build.0 = Release|Any CPU
		{6512FA5B-041A-4FA9-9BBC-3CB2F5A69E0F}.Release|x86.ActiveCfg = Release|Any CPU
		{6512FA5B-041A-4FA9-9BBC-3CB2F5A69E0F}.Release|x86.Build.0 = Release|Any CPU
		{CF2E8088-71AC-4FAF-86E8-238A1F2146C4}.Debug|Any CPU.ActiveCfg = Debug|Any CPU
		{CF2E8088-71AC-4FAF-86E8-238A1F2146C4}.Debug|Any CPU.Build.0 = Debug|Any CPU
		{CF2E8088-71AC-4FAF-86E8-238A1F2146C4}.Debug|ARM.ActiveCfg = Debug|Any CPU
		{CF2E8088-71AC-4FAF-86E8-238A1F2146C4}.Debug|ARM.Build.0 = Debug|Any CPU
		{CF2E8088-71AC-4FAF-86E8-238A1F2146C4}.Debug|ARM64.ActiveCfg = Debug|Any CPU
		{CF2E8088-71AC-4FAF-86E8-238A1F2146C4}.Debug|ARM64.Build.0 = Debug|Any CPU
		{CF2E8088-71AC-4FAF-86E8-238A1F2146C4}.Debug|x64.ActiveCfg = Debug|Any CPU
		{CF2E8088-71AC-4FAF-86E8-238A1F2146C4}.Debug|x64.Build.0 = Debug|Any CPU
		{CF2E8088-71AC-4FAF-86E8-238A1F2146C4}.Debug|x86.ActiveCfg = Debug|Any CPU
		{CF2E8088-71AC-4FAF-86E8-238A1F2146C4}.Debug|x86.Build.0 = Debug|Any CPU
		{CF2E8088-71AC-4FAF-86E8-238A1F2146C4}.Release|Any CPU.ActiveCfg = Release|Any CPU
		{CF2E8088-71AC-4FAF-86E8-238A1F2146C4}.Release|Any CPU.Build.0 = Release|Any CPU
		{CF2E8088-71AC-4FAF-86E8-238A1F2146C4}.Release|ARM.ActiveCfg = Release|Any CPU
		{CF2E8088-71AC-4FAF-86E8-238A1F2146C4}.Release|ARM.Build.0 = Release|Any CPU
		{CF2E8088-71AC-4FAF-86E8-238A1F2146C4}.Release|ARM64.ActiveCfg = Release|Any CPU
		{CF2E8088-71AC-4FAF-86E8-238A1F2146C4}.Release|ARM64.Build.0 = Release|Any CPU
		{CF2E8088-71AC-4FAF-86E8-238A1F2146C4}.Release|x64.ActiveCfg = Release|Any CPU
		{CF2E8088-71AC-4FAF-86E8-238A1F2146C4}.Release|x64.Build.0 = Release|Any CPU
		{CF2E8088-71AC-4FAF-86E8-238A1F2146C4}.Release|x86.ActiveCfg = Release|Any CPU
		{CF2E8088-71AC-4FAF-86E8-238A1F2146C4}.Release|x86.Build.0 = Release|Any CPU
	EndGlobalSection
	GlobalSection(SolutionProperties) = preSolution
		HideSolutionNode = FALSE
	EndGlobalSection
	GlobalSection(ExtensibilityGlobals) = postSolution
		SolutionGuid = {6BC82D57-C90D-4DDB-ADC4-07572FF7D282}
	EndGlobalSection
EndGlobal
