
Microsoft Visual Studio Solution File, Format Version 12.00
# Visual Studio Version 17
VisualStudioVersion = 17.3.32811.315
MinimumVisualStudioVersion = 10.0.40219.1
Project("{9A19103F-16F7-4668-BE54-9A1E7A4F7556}") = "Natsurainko.FluentLauncher", "Natsurainko.FluentLauncher\Natsurainko.FluentLauncher.csproj", "{25A06654-F92D-43C8-BA6C-4B84BED2A505}"
EndProject
Project("{9A19103F-16F7-4668-BE54-9A1E7A4F7556}") = "Natsurainko.FluentCore", "Natsurainko.FluentCore\Natsurainko.FluentCore\Natsurainko.FluentCore.csproj", "{7CA745E6-DEE6-4018-87DB-4012EC94C3B8}"
EndProject
Project("{2150E333-8FDC-42A3-9474-1A3956D46DE8}") = "Infrastructure", "Infrastructure", "{0537A9FF-BF86-4F92-A731-B6141B27ADDB}"
EndProject
Project("{9A19103F-16F7-4668-BE54-9A1E7A4F7556}") = "FluentLauncher.Infra.UI", "infra\FluentLauncher.Infra.UI\FluentLauncher.Infra.UI.csproj", "{EC4A7DE1-589A-4FFF-9E2A-48ED6114182F}"
EndProject
Project("{9A19103F-16F7-4668-BE54-9A1E7A4F7556}") = "FluentLauncher.Infra.WinUI", "infra\FluentLauncher.Infra.WinUI\FluentLauncher.Infra.WinUI.csproj", "{0AD85018-AAA2-49D9-A29F-910E6A82A6BF}"
EndProject
Project("{9A19103F-16F7-4668-BE54-9A1E7A4F7556}") = "FluentLauncher.Infra.Settings", "infra\FluentLauncher.Infra.Settings\FluentLauncher.Infra.Settings.csproj", "{FBF301A2-326F-4B53-94A2-399102202D7E}"
EndProject
Project("{9A19103F-16F7-4668-BE54-9A1E7A4F7556}") = "FluentLauncher.Infra.Settings.SourceGenerators", "infra\FluentLauncher.Infra.Settings.SourceGenerators\FluentLauncher.Infra.Settings.SourceGenerators.csproj", "{0BE5C833-0FA6-446B-89FA-FD4D3B1B7CD5}"
EndProject
Project("{FAE04EC0-301F-11D3-BF4B-00C04F79EFBC}") = "FluentLauncher.Infra.Localizer", "FluentLauncher.Localization\FluentLauncher.Infra.Localizer\FluentLauncher.Infra.Localizer.csproj", "{93801D2A-80E9-CFF0-8A0C-1D08549D3AA4}"
EndProject
Project("{FAE04EC0-301F-11D3-BF4B-00C04F79EFBC}") = "FluentLauncher.Infra.LocalizedStrings.SourceGenerators", "FluentLauncher.Localization\FluentLauncher.Infra.LocalizedStrings.SourceGenerators\FluentLauncher.Infra.LocalizedStrings.SourceGenerators.csproj", "{10F1876F-3D1C-7DCB-9D66-FEB7A10718EA}"
EndProject
Project("{FAE04EC0-301F-11D3-BF4B-00C04F79EFBC}") = "FluentLauncher.Infra.LocalizedStrings", "FluentLauncher.Localization\FluentLauncher.Infra.LocalizedStrings\FluentLauncher.Infra.LocalizedStrings.csproj", "{F5DEEEBD-0A46-E4A2-9CE4-CC26F7C344AE}"
EndProject
Global
	GlobalSection(SolutionConfigurationPlatforms) = preSolution
		Debug|Any CPU = Debug|Any CPU
		Debug|ARM64 = Debug|ARM64
		Debug|x64 = Debug|x64
		Debug-AOT|Any CPU = Debug-AOT|Any CPU
		Debug-AOT|ARM64 = Debug-AOT|ARM64
		Debug-AOT|x64 = Debug-AOT|x64
		Release|Any CPU = Release|Any CPU
		Release|ARM64 = Release|ARM64
		Release|x64 = Release|x64
		Release-AOT|Any CPU = Release-AOT|Any CPU
		Release-AOT|ARM64 = Release-AOT|ARM64
		Release-AOT|x64 = Release-AOT|x64
	EndGlobalSection
	GlobalSection(ProjectConfigurationPlatforms) = postSolution
		{25A06654-F92D-43C8-BA6C-4B84BED2A505}.Debug|Any CPU.ActiveCfg = Debug|x64
		{25A06654-F92D-43C8-BA6C-4B84BED2A505}.Debug|Any CPU.Build.0 = Debug|x64
		{25A06654-F92D-43C8-BA6C-4B84BED2A505}.Debug|Any CPU.Deploy.0 = Debug|x64
		{25A06654-F92D-43C8-BA6C-4B84BED2A505}.Debug|ARM64.ActiveCfg = Debug|ARM64
		{25A06654-F92D-43C8-BA6C-4B84BED2A505}.Debug|ARM64.Build.0 = Debug|ARM64
		{25A06654-F92D-43C8-BA6C-4B84BED2A505}.Debug|x64.ActiveCfg = Debug|x64
		{25A06654-F92D-43C8-BA6C-4B84BED2A505}.Debug|x64.Build.0 = Debug|x64
		{25A06654-F92D-43C8-BA6C-4B84BED2A505}.Debug|x64.Deploy.0 = Debug|x64
		{25A06654-F92D-43C8-BA6C-4B84BED2A505}.Debug-AOT|Any CPU.ActiveCfg = Debug-AOT|x64
		{25A06654-F92D-43C8-BA6C-4B84BED2A505}.Debug-AOT|Any CPU.Build.0 = Debug-AOT|x64
		{25A06654-F92D-43C8-BA6C-4B84BED2A505}.Debug-AOT|Any CPU.Deploy.0 = Debug-AOT|x64
		{25A06654-F92D-43C8-BA6C-4B84BED2A505}.Debug-AOT|ARM64.ActiveCfg = Debug-AOT|ARM64
		{25A06654-F92D-43C8-BA6C-4B84BED2A505}.Debug-AOT|ARM64.Build.0 = Debug-AOT|ARM64
		{25A06654-F92D-43C8-BA6C-4B84BED2A505}.Debug-AOT|ARM64.Deploy.0 = Debug-AOT|ARM64
		{25A06654-F92D-43C8-BA6C-4B84BED2A505}.Debug-AOT|x64.ActiveCfg = Debug-AOT|x64
		{25A06654-F92D-43C8-BA6C-4B84BED2A505}.Debug-AOT|x64.Build.0 = Debug-AOT|x64
		{25A06654-F92D-43C8-BA6C-4B84BED2A505}.Debug-AOT|x64.Deploy.0 = Debug-AOT|x64
		{25A06654-F92D-43C8-BA6C-4B84BED2A505}.Release|Any CPU.ActiveCfg = Release|x64
		{25A06654-F92D-43C8-BA6C-4B84BED2A505}.Release|Any CPU.Build.0 = Release|x64
		{25A06654-F92D-43C8-BA6C-4B84BED2A505}.Release|Any CPU.Deploy.0 = Release|x64
		{25A06654-F92D-43C8-BA6C-4B84BED2A505}.Release|ARM64.ActiveCfg = Release|ARM64
		{25A06654-F92D-43C8-BA6C-4B84BED2A505}.Release|ARM64.Build.0 = Release|ARM64
		{25A06654-F92D-43C8-BA6C-4B84BED2A505}.Release|x64.ActiveCfg = Release|x64
		{25A06654-F92D-43C8-BA6C-4B84BED2A505}.Release|x64.Build.0 = Release|x64
		{25A06654-F92D-43C8-BA6C-4B84BED2A505}.Release-AOT|Any CPU.ActiveCfg = Release-AOT|x64
		{25A06654-F92D-43C8-BA6C-4B84BED2A505}.Release-AOT|Any CPU.Build.0 = Release-AOT|x64
		{25A06654-F92D-43C8-BA6C-4B84BED2A505}.Release-AOT|Any CPU.Deploy.0 = Release-AOT|x64
		{25A06654-F92D-43C8-BA6C-4B84BED2A505}.Release-AOT|ARM64.ActiveCfg = Release-AOT|ARM64
		{25A06654-F92D-43C8-BA6C-4B84BED2A505}.Release-AOT|ARM64.Build.0 = Release-AOT|ARM64
		{25A06654-F92D-43C8-BA6C-4B84BED2A505}.Release-AOT|ARM64.Deploy.0 = Release-AOT|ARM64
		{25A06654-F92D-43C8-BA6C-4B84BED2A505}.Release-AOT|x64.ActiveCfg = Release-AOT|x64
		{25A06654-F92D-43C8-BA6C-4B84BED2A505}.Release-AOT|x64.Build.0 = Release-AOT|x64
		{25A06654-F92D-43C8-BA6C-4B84BED2A505}.Release-AOT|x64.Deploy.0 = Release-AOT|x64
		{7CA745E6-DEE6-4018-87DB-4012EC94C3B8}.Debug|Any CPU.ActiveCfg = Debug|Any CPU
		{7CA745E6-DEE6-4018-87DB-4012EC94C3B8}.Debug|Any CPU.Build.0 = Debug|Any CPU
		{7CA745E6-DEE6-4018-87DB-4012EC94C3B8}.Debug|ARM64.ActiveCfg = Debug|Any CPU
		{7CA745E6-DEE6-4018-87DB-4012EC94C3B8}.Debug|ARM64.Build.0 = Debug|Any CPU
		{7CA745E6-DEE6-4018-87DB-4012EC94C3B8}.Debug|x64.ActiveCfg = Debug|Any CPU
		{7CA745E6-DEE6-4018-87DB-4012EC94C3B8}.Debug|x64.Build.0 = Debug|Any CPU
		{7CA745E6-DEE6-4018-87DB-4012EC94C3B8}.Debug-AOT|Any CPU.ActiveCfg = Debug|Any CPU
		{7CA745E6-DEE6-4018-87DB-4012EC94C3B8}.Debug-AOT|Any CPU.Build.0 = Debug|Any CPU
		{7CA745E6-DEE6-4018-87DB-4012EC94C3B8}.Debug-AOT|ARM64.ActiveCfg = Debug|Any CPU
		{7CA745E6-DEE6-4018-87DB-4012EC94C3B8}.Debug-AOT|ARM64.Build.0 = Debug|Any CPU
		{7CA745E6-DEE6-4018-87DB-4012EC94C3B8}.Debug-AOT|x64.ActiveCfg = Debug|Any CPU
		{7CA745E6-DEE6-4018-87DB-4012EC94C3B8}.Debug-AOT|x64.Build.0 = Debug|Any CPU
		{7CA745E6-DEE6-4018-87DB-4012EC94C3B8}.Release|Any CPU.ActiveCfg = Release|Any CPU
		{7CA745E6-DEE6-4018-87DB-4012EC94C3B8}.Release|Any CPU.Build.0 = Release|Any CPU
		{7CA745E6-DEE6-4018-87DB-4012EC94C3B8}.Release|ARM64.ActiveCfg = Release|Any CPU
		{7CA745E6-DEE6-4018-87DB-4012EC94C3B8}.Release|ARM64.Build.0 = Release|Any CPU
		{7CA745E6-DEE6-4018-87DB-4012EC94C3B8}.Release|x64.ActiveCfg = Release|Any CPU
		{7CA745E6-DEE6-4018-87DB-4012EC94C3B8}.Release|x64.Build.0 = Release|Any CPU
		{7CA745E6-DEE6-4018-87DB-4012EC94C3B8}.Release-AOT|Any CPU.ActiveCfg = Release|Any CPU
		{7CA745E6-DEE6-4018-87DB-4012EC94C3B8}.Release-AOT|Any CPU.Build.0 = Release|Any CPU
		{7CA745E6-DEE6-4018-87DB-4012EC94C3B8}.Release-AOT|ARM64.ActiveCfg = Release|Any CPU
		{7CA745E6-DEE6-4018-87DB-4012EC94C3B8}.Release-AOT|ARM64.Build.0 = Release|Any CPU
		{7CA745E6-DEE6-4018-87DB-4012EC94C3B8}.Release-AOT|x64.ActiveCfg = Release|Any CPU
		{7CA745E6-DEE6-4018-87DB-4012EC94C3B8}.Release-AOT|x64.Build.0 = Release|Any CPU
		{EC4A7DE1-589A-4FFF-9E2A-48ED6114182F}.Debug|Any CPU.ActiveCfg = Debug|Any CPU
		{EC4A7DE1-589A-4FFF-9E2A-48ED6114182F}.Debug|Any CPU.Build.0 = Debug|Any CPU
		{EC4A7DE1-589A-4FFF-9E2A-48ED6114182F}.Debug|ARM64.ActiveCfg = Debug|Any CPU
		{EC4A7DE1-589A-4FFF-9E2A-48ED6114182F}.Debug|ARM64.Build.0 = Debug|Any CPU
		{EC4A7DE1-589A-4FFF-9E2A-48ED6114182F}.Debug|x64.ActiveCfg = Debug|Any CPU
		{EC4A7DE1-589A-4FFF-9E2A-48ED6114182F}.Debug|x64.Build.0 = Debug|Any CPU
		{EC4A7DE1-589A-4FFF-9E2A-48ED6114182F}.Debug-AOT|Any CPU.ActiveCfg = Debug|Any CPU
		{EC4A7DE1-589A-4FFF-9E2A-48ED6114182F}.Debug-AOT|Any CPU.Build.0 = Debug|Any CPU
		{EC4A7DE1-589A-4FFF-9E2A-48ED6114182F}.Debug-AOT|ARM64.ActiveCfg = Debug|Any CPU
		{EC4A7DE1-589A-4FFF-9E2A-48ED6114182F}.Debug-AOT|ARM64.Build.0 = Debug|Any CPU
		{EC4A7DE1-589A-4FFF-9E2A-48ED6114182F}.Debug-AOT|x64.ActiveCfg = Debug|Any CPU
		{EC4A7DE1-589A-4FFF-9E2A-48ED6114182F}.Debug-AOT|x64.Build.0 = Debug|Any CPU
		{EC4A7DE1-589A-4FFF-9E2A-48ED6114182F}.Release|Any CPU.ActiveCfg = Release|Any CPU
		{EC4A7DE1-589A-4FFF-9E2A-48ED6114182F}.Release|Any CPU.Build.0 = Release|Any CPU
		{EC4A7DE1-589A-4FFF-9E2A-48ED6114182F}.Release|ARM64.ActiveCfg = Release|Any CPU
		{EC4A7DE1-589A-4FFF-9E2A-48ED6114182F}.Release|ARM64.Build.0 = Release|Any CPU
		{EC4A7DE1-589A-4FFF-9E2A-48ED6114182F}.Release|x64.ActiveCfg = Release|Any CPU
		{EC4A7DE1-589A-4FFF-9E2A-48ED6114182F}.Release|x64.Build.0 = Release|Any CPU
		{EC4A7DE1-589A-4FFF-9E2A-48ED6114182F}.Release-AOT|Any CPU.ActiveCfg = Release|Any CPU
		{EC4A7DE1-589A-4FFF-9E2A-48ED6114182F}.Release-AOT|Any CPU.Build.0 = Release|Any CPU
		{EC4A7DE1-589A-4FFF-9E2A-48ED6114182F}.Release-AOT|ARM64.ActiveCfg = Release|Any CPU
		{EC4A7DE1-589A-4FFF-9E2A-48ED6114182F}.Release-AOT|ARM64.Build.0 = Release|Any CPU
		{EC4A7DE1-589A-4FFF-9E2A-48ED6114182F}.Release-AOT|x64.ActiveCfg = Release|Any CPU
		{EC4A7DE1-589A-4FFF-9E2A-48ED6114182F}.Release-AOT|x64.Build.0 = Release|Any CPU
		{0AD85018-AAA2-49D9-A29F-910E6A82A6BF}.Debug|Any CPU.ActiveCfg = Debug|Any CPU
		{0AD85018-AAA2-49D9-A29F-910E6A82A6BF}.Debug|Any CPU.Build.0 = Debug|Any CPU
		{0AD85018-AAA2-49D9-A29F-910E6A82A6BF}.Debug|ARM64.ActiveCfg = Debug|Any CPU
		{0AD85018-AAA2-49D9-A29F-910E6A82A6BF}.Debug|ARM64.Build.0 = Debug|Any CPU
		{0AD85018-AAA2-49D9-A29F-910E6A82A6BF}.Debug|x64.ActiveCfg = Debug|Any CPU
		{0AD85018-AAA2-49D9-A29F-910E6A82A6BF}.Debug|x64.Build.0 = Debug|Any CPU
		{0AD85018-AAA2-49D9-A29F-910E6A82A6BF}.Debug-AOT|Any CPU.ActiveCfg = Debug|Any CPU
		{0AD85018-AAA2-49D9-A29F-910E6A82A6BF}.Debug-AOT|Any CPU.Build.0 = Debug|Any CPU
		{0AD85018-AAA2-49D9-A29F-910E6A82A6BF}.Debug-AOT|ARM64.ActiveCfg = Debug|Any CPU
		{0AD85018-AAA2-49D9-A29F-910E6A82A6BF}.Debug-AOT|ARM64.Build.0 = Debug|Any CPU
		{0AD85018-AAA2-49D9-A29F-910E6A82A6BF}.Debug-AOT|x64.ActiveCfg = Debug|Any CPU
		{0AD85018-AAA2-49D9-A29F-910E6A82A6BF}.Debug-AOT|x64.Build.0 = Debug|Any CPU
		{0AD85018-AAA2-49D9-A29F-910E6A82A6BF}.Release|Any CPU.ActiveCfg = Release|Any CPU
		{0AD85018-AAA2-49D9-A29F-910E6A82A6BF}.Release|Any CPU.Build.0 = Release|Any CPU
		{0AD85018-AAA2-49D9-A29F-910E6A82A6BF}.Release|ARM64.ActiveCfg = Release|Any CPU
		{0AD85018-AAA2-49D9-A29F-910E6A82A6BF}.Release|ARM64.Build.0 = Release|Any CPU
		{0AD85018-AAA2-49D9-A29F-910E6A82A6BF}.Release|x64.ActiveCfg = Release|Any CPU
		{0AD85018-AAA2-49D9-A29F-910E6A82A6BF}.Release|x64.Build.0 = Release|Any CPU
		{0AD85018-AAA2-49D9-A29F-910E6A82A6BF}.Release-AOT|Any CPU.ActiveCfg = Release|Any CPU
		{0AD85018-AAA2-49D9-A29F-910E6A82A6BF}.Release-AOT|Any CPU.Build.0 = Release|Any CPU
		{0AD85018-AAA2-49D9-A29F-910E6A82A6BF}.Release-AOT|ARM64.ActiveCfg = Release|Any CPU
		{0AD85018-AAA2-49D9-A29F-910E6A82A6BF}.Release-AOT|ARM64.Build.0 = Release|Any CPU
		{0AD85018-AAA2-49D9-A29F-910E6A82A6BF}.Release-AOT|x64.ActiveCfg = Release|Any CPU
		{0AD85018-AAA2-49D9-A29F-910E6A82A6BF}.Release-AOT|x64.Build.0 = Release|Any CPU
		{FBF301A2-326F-4B53-94A2-399102202D7E}.Debug|Any CPU.ActiveCfg = Debug|Any CPU
		{FBF301A2-326F-4B53-94A2-399102202D7E}.Debug|Any CPU.Build.0 = Debug|Any CPU
		{FBF301A2-326F-4B53-94A2-399102202D7E}.Debug|ARM64.ActiveCfg = Debug|Any CPU
		{FBF301A2-326F-4B53-94A2-399102202D7E}.Debug|ARM64.Build.0 = Debug|Any CPU
		{FBF301A2-326F-4B53-94A2-399102202D7E}.Debug|x64.ActiveCfg = Debug|Any CPU
		{FBF301A2-326F-4B53-94A2-399102202D7E}.Debug|x64.Build.0 = Debug|Any CPU
		{FBF301A2-326F-4B53-94A2-399102202D7E}.Debug-AOT|Any CPU.ActiveCfg = Debug|Any CPU
		{FBF301A2-326F-4B53-94A2-399102202D7E}.Debug-AOT|Any CPU.Build.0 = Debug|Any CPU
		{FBF301A2-326F-4B53-94A2-399102202D7E}.Debug-AOT|ARM64.ActiveCfg = Debug|Any CPU
		{FBF301A2-326F-4B53-94A2-399102202D7E}.Debug-AOT|ARM64.Build.0 = Debug|Any CPU
		{FBF301A2-326F-4B53-94A2-399102202D7E}.Debug-AOT|x64.ActiveCfg = Debug|Any CPU
		{FBF301A2-326F-4B53-94A2-399102202D7E}.Debug-AOT|x64.Build.0 = Debug|Any CPU
		{FBF301A2-326F-4B53-94A2-399102202D7E}.Release|Any CPU.ActiveCfg = Release|Any CPU
		{FBF301A2-326F-4B53-94A2-399102202D7E}.Release|Any CPU.Build.0 = Release|Any CPU
		{FBF301A2-326F-4B53-94A2-399102202D7E}.Release|ARM64.ActiveCfg = Release|Any CPU
		{FBF301A2-326F-4B53-94A2-399102202D7E}.Release|ARM64.Build.0 = Release|Any CPU
		{FBF301A2-326F-4B53-94A2-399102202D7E}.Release|x64.ActiveCfg = Release|Any CPU
		{FBF301A2-326F-4B53-94A2-399102202D7E}.Release|x64.Build.0 = Release|Any CPU
		{FBF301A2-326F-4B53-94A2-399102202D7E}.Release-AOT|Any CPU.ActiveCfg = Release|Any CPU
		{FBF301A2-326F-4B53-94A2-399102202D7E}.Release-AOT|Any CPU.Build.0 = Release|Any CPU
		{FBF301A2-326F-4B53-94A2-399102202D7E}.Release-AOT|ARM64.ActiveCfg = Release|Any CPU
		{FBF301A2-326F-4B53-94A2-399102202D7E}.Release-AOT|ARM64.Build.0 = Release|Any CPU
		{FBF301A2-326F-4B53-94A2-399102202D7E}.Release-AOT|x64.ActiveCfg = Release|Any CPU
		{FBF301A2-326F-4B53-94A2-399102202D7E}.Release-AOT|x64.Build.0 = Release|Any CPU
		{0BE5C833-0FA6-446B-89FA-FD4D3B1B7CD5}.Debug|Any CPU.ActiveCfg = Debug|Any CPU
		{0BE5C833-0FA6-446B-89FA-FD4D3B1B7CD5}.Debug|Any CPU.Build.0 = Debug|Any CPU
		{0BE5C833-0FA6-446B-89FA-FD4D3B1B7CD5}.Debug|ARM64.ActiveCfg = Debug|Any CPU
		{0BE5C833-0FA6-446B-89FA-FD4D3B1B7CD5}.Debug|ARM64.Build.0 = Debug|Any CPU
		{0BE5C833-0FA6-446B-89FA-FD4D3B1B7CD5}.Debug|x64.ActiveCfg = Debug|Any CPU
		{0BE5C833-0FA6-446B-89FA-FD4D3B1B7CD5}.Debug|x64.Build.0 = Debug|Any CPU
		{0BE5C833-0FA6-446B-89FA-FD4D3B1B7CD5}.Debug-AOT|Any CPU.ActiveCfg = Debug|Any CPU
		{0BE5C833-0FA6-446B-89FA-FD4D3B1B7CD5}.Debug-AOT|Any CPU.Build.0 = Debug|Any CPU
		{0BE5C833-0FA6-446B-89FA-FD4D3B1B7CD5}.Debug-AOT|ARM64.ActiveCfg = Debug|Any CPU
		{0BE5C833-0FA6-446B-89FA-FD4D3B1B7CD5}.Debug-AOT|ARM64.Build.0 = Debug|Any CPU
		{0BE5C833-0FA6-446B-89FA-FD4D3B1B7CD5}.Debug-AOT|x64.ActiveCfg = Debug|Any CPU
		{0BE5C833-0FA6-446B-89FA-FD4D3B1B7CD5}.Debug-AOT|x64.Build.0 = Debug|Any CPU
		{0BE5C833-0FA6-446B-89FA-FD4D3B1B7CD5}.Release|Any CPU.ActiveCfg = Release|Any CPU
		{0BE5C833-0FA6-446B-89FA-FD4D3B1B7CD5}.Release|Any CPU.Build.0 = Release|Any CPU
		{0BE5C833-0FA6-446B-89FA-FD4D3B1B7CD5}.Release|ARM64.ActiveCfg = Release|Any CPU
		{0BE5C833-0FA6-446B-89FA-FD4D3B1B7CD5}.Release|ARM64.Build.0 = Release|Any CPU
		{0BE5C833-0FA6-446B-89FA-FD4D3B1B7CD5}.Release|x64.ActiveCfg = Release|Any CPU
		{0BE5C833-0FA6-446B-89FA-FD4D3B1B7CD5}.Release|x64.Build.0 = Release|Any CPU
		{0BE5C833-0FA6-446B-89FA-FD4D3B1B7CD5}.Release-AOT|Any CPU.ActiveCfg = Release|Any CPU
		{0BE5C833-0FA6-446B-89FA-FD4D3B1B7CD5}.Release-AOT|Any CPU.Build.0 = Release|Any CPU
		{0BE5C833-0FA6-446B-89FA-FD4D3B1B7CD5}.Release-AOT|ARM64.ActiveCfg = Release|Any CPU
		{0BE5C833-0FA6-446B-89FA-FD4D3B1B7CD5}.Release-AOT|ARM64.Build.0 = Release|Any CPU
		{0BE5C833-0FA6-446B-89FA-FD4D3B1B7CD5}.Release-AOT|x64.ActiveCfg = Release|Any CPU
		{0BE5C833-0FA6-446B-89FA-FD4D3B1B7CD5}.Release-AOT|x64.Build.0 = Release|Any CPU
		{93801D2A-80E9-CFF0-8A0C-1D08549D3AA4}.Debug|Any CPU.ActiveCfg = Debug|Any CPU
		{93801D2A-80E9-CFF0-8A0C-1D08549D3AA4}.Debug|Any CPU.Build.0 = Debug|Any CPU
		{93801D2A-80E9-CFF0-8A0C-1D08549D3AA4}.Debug|ARM64.ActiveCfg = Debug|Any CPU
		{93801D2A-80E9-CFF0-8A0C-1D08549D3AA4}.Debug|ARM64.Build.0 = Debug|Any CPU
		{93801D2A-80E9-CFF0-8A0C-1D08549D3AA4}.Debug|x64.ActiveCfg = Debug|Any CPU
		{93801D2A-80E9-CFF0-8A0C-1D08549D3AA4}.Debug|x64.Build.0 = Debug|Any CPU
		{93801D2A-80E9-CFF0-8A0C-1D08549D3AA4}.Debug-AOT|Any CPU.ActiveCfg = Debug|Any CPU
		{93801D2A-80E9-CFF0-8A0C-1D08549D3AA4}.Debug-AOT|Any CPU.Build.0 = Debug|Any CPU
		{93801D2A-80E9-CFF0-8A0C-1D08549D3AA4}.Debug-AOT|ARM64.ActiveCfg = Debug|Any CPU
		{93801D2A-80E9-CFF0-8A0C-1D08549D3AA4}.Debug-AOT|ARM64.Build.0 = Debug|Any CPU
		{93801D2A-80E9-CFF0-8A0C-1D08549D3AA4}.Debug-AOT|x64.ActiveCfg = Debug|Any CPU
		{93801D2A-80E9-CFF0-8A0C-1D08549D3AA4}.Debug-AOT|x64.Build.0 = Debug|Any CPU
		{93801D2A-80E9-CFF0-8A0C-1D08549D3AA4}.Release|Any CPU.ActiveCfg = Release|Any CPU
		{93801D2A-80E9-CFF0-8A0C-1D08549D3AA4}.Release|Any CPU.Build.0 = Release|Any CPU
		{93801D2A-80E9-CFF0-8A0C-1D08549D3AA4}.Release|ARM64.ActiveCfg = Release|Any CPU
		{93801D2A-80E9-CFF0-8A0C-1D08549D3AA4}.Release|ARM64.Build.0 = Release|Any CPU
		{93801D2A-80E9-CFF0-8A0C-1D08549D3AA4}.Release|x64.ActiveCfg = Release|Any CPU
		{93801D2A-80E9-CFF0-8A0C-1D08549D3AA4}.Release|x64.Build.0 = Release|Any CPU
		{93801D2A-80E9-CFF0-8A0C-1D08549D3AA4}.Release-AOT|Any CPU.ActiveCfg = Release|Any CPU
		{93801D2A-80E9-CFF0-8A0C-1D08549D3AA4}.Release-AOT|Any CPU.Build.0 = Release|Any CPU
		{93801D2A-80E9-CFF0-8A0C-1D08549D3AA4}.Release-AOT|ARM64.ActiveCfg = Release|Any CPU
		{93801D2A-80E9-CFF0-8A0C-1D08549D3AA4}.Release-AOT|ARM64.Build.0 = Release|Any CPU
		{93801D2A-80E9-CFF0-8A0C-1D08549D3AA4}.Release-AOT|x64.ActiveCfg = Release|Any CPU
		{93801D2A-80E9-CFF0-8A0C-1D08549D3AA4}.Release-AOT|x64.Build.0 = Release|Any CPU
		{10F1876F-3D1C-7DCB-9D66-FEB7A10718EA}.Debug|Any CPU.ActiveCfg = Debug|Any CPU
		{10F1876F-3D1C-7DCB-9D66-FEB7A10718EA}.Debug|Any CPU.Build.0 = Debug|Any CPU
		{10F1876F-3D1C-7DCB-9D66-FEB7A10718EA}.Debug|ARM64.ActiveCfg = Debug|Any CPU
		{10F1876F-3D1C-7DCB-9D66-FEB7A10718EA}.Debug|ARM64.Build.0 = Debug|Any CPU
		{10F1876F-3D1C-7DCB-9D66-FEB7A10718EA}.Debug|x64.ActiveCfg = Debug|Any CPU
		{10F1876F-3D1C-7DCB-9D66-FEB7A10718EA}.Debug|x64.Build.0 = Debug|Any CPU
		{10F1876F-3D1C-7DCB-9D66-FEB7A10718EA}.Debug-AOT|Any CPU.ActiveCfg = Debug|Any CPU
		{10F1876F-3D1C-7DCB-9D66-FEB7A10718EA}.Debug-AOT|Any CPU.Build.0 = Debug|Any CPU
		{10F1876F-3D1C-7DCB-9D66-FEB7A10718EA}.Debug-AOT|ARM64.ActiveCfg = Debug|Any CPU
		{10F1876F-3D1C-7DCB-9D66-FEB7A10718EA}.Debug-AOT|ARM64.Build.0 = Debug|Any CPU
		{10F1876F-3D1C-7DCB-9D66-FEB7A10718EA}.Debug-AOT|x64.ActiveCfg = Debug|Any CPU
		{10F1876F-3D1C-7DCB-9D66-FEB7A10718EA}.Debug-AOT|x64.Build.0 = Debug|Any CPU
		{10F1876F-3D1C-7DCB-9D66-FEB7A10718EA}.Release|Any CPU.ActiveCfg = Release|Any CPU
		{10F1876F-3D1C-7DCB-9D66-FEB7A10718EA}.Release|Any CPU.Build.0 = Release|Any CPU
		{10F1876F-3D1C-7DCB-9D66-FEB7A10718EA}.Release|ARM64.ActiveCfg = Release|Any CPU
		{10F1876F-3D1C-7DCB-9D66-FEB7A10718EA}.Release|ARM64.Build.0 = Release|Any CPU
		{10F1876F-3D1C-7DCB-9D66-FEB7A10718EA}.Release|x64.ActiveCfg = Release|Any CPU
		{10F1876F-3D1C-7DCB-9D66-FEB7A10718EA}.Release|x64.Build.0 = Release|Any CPU
		{10F1876F-3D1C-7DCB-9D66-FEB7A10718EA}.Release-AOT|Any CPU.ActiveCfg = Release|Any CPU
		{10F1876F-3D1C-7DCB-9D66-FEB7A10718EA}.Release-AOT|Any CPU.Build.0 = Release|Any CPU
		{10F1876F-3D1C-7DCB-9D66-FEB7A10718EA}.Release-AOT|ARM64.ActiveCfg = Release|Any CPU
		{10F1876F-3D1C-7DCB-9D66-FEB7A10718EA}.Release-AOT|ARM64.Build.0 = Release|Any CPU
		{10F1876F-3D1C-7DCB-9D66-FEB7A10718EA}.Release-AOT|x64.ActiveCfg = Release|Any CPU
		{10F1876F-3D1C-7DCB-9D66-FEB7A10718EA}.Release-AOT|x64.Build.0 = Release|Any CPU
		{F5DEEEBD-0A46-E4A2-9CE4-CC26F7C344AE}.Debug|Any CPU.ActiveCfg = Debug|Any CPU
		{F5DEEEBD-0A46-E4A2-9CE4-CC26F7C344AE}.Debug|Any CPU.Build.0 = Debug|Any CPU
		{F5DEEEBD-0A46-E4A2-9CE4-CC26F7C344AE}.Debug|ARM64.ActiveCfg = Debug|Any CPU
		{F5DEEEBD-0A46-E4A2-9CE4-CC26F7C344AE}.Debug|ARM64.Build.0 = Debug|Any CPU
		{F5DEEEBD-0A46-E4A2-9CE4-CC26F7C344AE}.Debug|x64.ActiveCfg = Debug|Any CPU
		{F5DEEEBD-0A46-E4A2-9CE4-CC26F7C344AE}.Debug|x64.Build.0 = Debug|Any CPU
		{F5DEEEBD-0A46-E4A2-9CE4-CC26F7C344AE}.Debug-AOT|Any CPU.ActiveCfg = Debug|Any CPU
		{F5DEEEBD-0A46-E4A2-9CE4-CC26F7C344AE}.Debug-AOT|Any CPU.Build.0 = Debug|Any CPU
		{F5DEEEBD-0A46-E4A2-9CE4-CC26F7C344AE}.Debug-AOT|ARM64.ActiveCfg = Debug|Any CPU
		{F5DEEEBD-0A46-E4A2-9CE4-CC26F7C344AE}.Debug-AOT|ARM64.Build.0 = Debug|Any CPU
		{F5DEEEBD-0A46-E4A2-9CE4-CC26F7C344AE}.Debug-AOT|x64.ActiveCfg = Debug|Any CPU
		{F5DEEEBD-0A46-E4A2-9CE4-CC26F7C344AE}.Debug-AOT|x64.Build.0 = Debug|Any CPU
		{F5DEEEBD-0A46-E4A2-9CE4-CC26F7C344AE}.Release|Any CPU.ActiveCfg = Release|Any CPU
		{F5DEEEBD-0A46-E4A2-9CE4-CC26F7C344AE}.Release|Any CPU.Build.0 = Release|Any CPU
		{F5DEEEBD-0A46-E4A2-9CE4-CC26F7C344AE}.Release|ARM64.ActiveCfg = Release|Any CPU
		{F5DEEEBD-0A46-E4A2-9CE4-CC26F7C344AE}.Release|ARM64.Build.0 = Release|Any CPU
		{F5DEEEBD-0A46-E4A2-9CE4-CC26F7C344AE}.Release|x64.ActiveCfg = Release|Any CPU
		{F5DEEEBD-0A46-E4A2-9CE4-CC26F7C344AE}.Release|x64.Build.0 = Release|Any CPU
		{F5DEEEBD-0A46-E4A2-9CE4-CC26F7C344AE}.Release-AOT|Any CPU.ActiveCfg = Release|Any CPU
		{F5DEEEBD-0A46-E4A2-9CE4-CC26F7C344AE}.Release-AOT|Any CPU.Build.0 = Release|Any CPU
		{F5DEEEBD-0A46-E4A2-9CE4-CC26F7C344AE}.Release-AOT|ARM64.ActiveCfg = Release|Any CPU
		{F5DEEEBD-0A46-E4A2-9CE4-CC26F7C344AE}.Release-AOT|ARM64.Build.0 = Release|Any CPU
		{F5DEEEBD-0A46-E4A2-9CE4-CC26F7C344AE}.Release-AOT|x64.ActiveCfg = Release|Any CPU
		{F5DEEEBD-0A46-E4A2-9CE4-CC26F7C344AE}.Release-AOT|x64.Build.0 = Release|Any CPU
	EndGlobalSection
	GlobalSection(SolutionProperties) = preSolution
		HideSolutionNode = FALSE
	EndGlobalSection
	GlobalSection(NestedProjects) = preSolution
		{EC4A7DE1-589A-4FFF-9E2A-48ED6114182F} = {0537A9FF-BF86-4F92-A731-B6141B27ADDB}
		{0AD85018-AAA2-49D9-A29F-910E6A82A6BF} = {0537A9FF-BF86-4F92-A731-B6141B27ADDB}
		{FBF301A2-326F-4B53-94A2-399102202D7E} = {0537A9FF-BF86-4F92-A731-B6141B27ADDB}
		{0BE5C833-0FA6-446B-89FA-FD4D3B1B7CD5} = {0537A9FF-BF86-4F92-A731-B6141B27ADDB}
		{93801D2A-80E9-CFF0-8A0C-1D08549D3AA4} = {0537A9FF-BF86-4F92-A731-B6141B27ADDB}
		{10F1876F-3D1C-7DCB-9D66-FEB7A10718EA} = {0537A9FF-BF86-4F92-A731-B6141B27ADDB}
		{F5DEEEBD-0A46-E4A2-9CE4-CC26F7C344AE} = {0537A9FF-BF86-4F92-A731-B6141B27ADDB}
	EndGlobalSection
	GlobalSection(ExtensibilityGlobals) = postSolution
		SolutionGuid = {7BD789E2-AC9A-40C1-BD71-A7DA5DFBF325}
	EndGlobalSection
EndGlobal
