
Microsoft Visual Studio Solution File, Format Version 12.00
# Visual Studio Version 17
VisualStudioVersion = 17.3.32811.315
MinimumVisualStudioVersion = 10.0.40219.1
Project("{C7167F0D-BC9F-4E6E-AFE1-012C56B48DB5}") = "Natsurainko.FluentLauncher (Package)", "Natsurainko.FluentLauncher\Natsurainko.FluentLauncher (Package)\Natsurainko.FluentLauncher (Package).wapproj", "{629A381B-0A63-432D-8F41-1250ABB41CDD}"
EndProject
Project("{FAE04EC0-301F-11D3-BF4B-00C04F79EFBC}") = "Natsurainko.FluentLauncher", "Natsurainko.FluentLauncher\Natsurainko.FluentLauncher\Natsurainko.FluentLauncher.csproj", "{25A06654-F92D-43C8-BA6C-4B84BED2A505}"
EndProject
Project("{9A19103F-16F7-4668-BE54-9A1E7A4F7556}") = "Natsurainko.FluentCore", "..\Natsurainko.FluentCore\Natsurainko.FluentCore\Natsurainko.FluentCore.csproj", "{A16112E3-DC85-445A-9E59-A64203F449FE}"
EndProject
Project("{9A19103F-16F7-4668-BE54-9A1E7A4F7556}") = "Natsurainko.FluentCore.Extension.Windows", "..\Natsurainko.FluentCore\Natsurainko.FluentCore.Extension.Windows\Natsurainko.FluentCore.Extension.Windows.csproj", "{855D9C39-2E50-4C21-99F3-D2DB153B427A}"
EndProject
Project("{9A19103F-16F7-4668-BE54-9A1E7A4F7556}") = "Natsurainko.Toolkits", "..\Natsurainko.Toolkits\Natsurainko.Toolkits\Natsurainko.Toolkits.csproj", "{2958D370-BA2A-448D-A318-E3092B213F81}"
EndProject
Global
	GlobalSection(SolutionConfigurationPlatforms) = preSolution
		Debug|Any CPU = Debug|Any CPU
		Debug|ARM64 = Debug|ARM64
		Debug|x64 = Debug|x64
		Debug|x86 = Debug|x86
		Release|Any CPU = Release|Any CPU
		Release|ARM64 = Release|ARM64
		Release|x64 = Release|x64
		Release|x86 = Release|x86
	EndGlobalSection
	GlobalSection(ProjectConfigurationPlatforms) = postSolution
		{629A381B-0A63-432D-8F41-1250ABB41CDD}.Debug|Any CPU.ActiveCfg = Debug|x64
		{629A381B-0A63-432D-8F41-1250ABB41CDD}.Debug|Any CPU.Build.0 = Debug|x64
		{629A381B-0A63-432D-8F41-1250ABB41CDD}.Debug|Any CPU.Deploy.0 = Debug|x64
		{629A381B-0A63-432D-8F41-1250ABB41CDD}.Debug|ARM64.ActiveCfg = Debug|ARM64
		{629A381B-0A63-432D-8F41-1250ABB41CDD}.Debug|ARM64.Build.0 = Debug|ARM64
		{629A381B-0A63-432D-8F41-1250ABB41CDD}.Debug|ARM64.Deploy.0 = Debug|ARM64
		{629A381B-0A63-432D-8F41-1250ABB41CDD}.Debug|x64.ActiveCfg = Debug|x64
		{629A381B-0A63-432D-8F41-1250ABB41CDD}.Debug|x64.Build.0 = Debug|x64
		{629A381B-0A63-432D-8F41-1250ABB41CDD}.Debug|x64.Deploy.0 = Debug|x64
		{629A381B-0A63-432D-8F41-1250ABB41CDD}.Debug|x86.ActiveCfg = Debug|x86
		{629A381B-0A63-432D-8F41-1250ABB41CDD}.Debug|x86.Build.0 = Debug|x86
		{629A381B-0A63-432D-8F41-1250ABB41CDD}.Debug|x86.Deploy.0 = Debug|x86
		{629A381B-0A63-432D-8F41-1250ABB41CDD}.Release|Any CPU.ActiveCfg = Release|x64
		{629A381B-0A63-432D-8F41-1250ABB41CDD}.Release|Any CPU.Build.0 = Release|x64
		{629A381B-0A63-432D-8F41-1250ABB41CDD}.Release|Any CPU.Deploy.0 = Release|x64
		{629A381B-0A63-432D-8F41-1250ABB41CDD}.Release|ARM64.ActiveCfg = Release|ARM64
		{629A381B-0A63-432D-8F41-1250ABB41CDD}.Release|ARM64.Build.0 = Release|ARM64
		{629A381B-0A63-432D-8F41-1250ABB41CDD}.Release|ARM64.Deploy.0 = Release|ARM64
		{629A381B-0A63-432D-8F41-1250ABB41CDD}.Release|x64.ActiveCfg = Release|x64
		{629A381B-0A63-432D-8F41-1250ABB41CDD}.Release|x64.Build.0 = Release|x64
		{629A381B-0A63-432D-8F41-1250ABB41CDD}.Release|x64.Deploy.0 = Release|x64
		{629A381B-0A63-432D-8F41-1250ABB41CDD}.Release|x86.ActiveCfg = Release|x86
		{629A381B-0A63-432D-8F41-1250ABB41CDD}.Release|x86.Build.0 = Release|x86
		{629A381B-0A63-432D-8F41-1250ABB41CDD}.Release|x86.Deploy.0 = Release|x86
		{25A06654-F92D-43C8-BA6C-4B84BED2A505}.Debug|Any CPU.ActiveCfg = Debug|x64
		{25A06654-F92D-43C8-BA6C-4B84BED2A505}.Debug|Any CPU.Build.0 = Debug|x64
		{25A06654-F92D-43C8-BA6C-4B84BED2A505}.Debug|ARM64.ActiveCfg = Debug|ARM64
		{25A06654-F92D-43C8-BA6C-4B84BED2A505}.Debug|ARM64.Build.0 = Debug|ARM64
		{25A06654-F92D-43C8-BA6C-4B84BED2A505}.Debug|x64.ActiveCfg = Debug|x64
		{25A06654-F92D-43C8-BA6C-4B84BED2A505}.Debug|x64.Build.0 = Debug|x64
		{25A06654-F92D-43C8-BA6C-4B84BED2A505}.Debug|x86.ActiveCfg = Debug|x86
		{25A06654-F92D-43C8-BA6C-4B84BED2A505}.Debug|x86.Build.0 = Debug|x86
		{25A06654-F92D-43C8-BA6C-4B84BED2A505}.Release|Any CPU.ActiveCfg = Release|x64
		{25A06654-F92D-43C8-BA6C-4B84BED2A505}.Release|Any CPU.Build.0 = Release|x64
		{25A06654-F92D-43C8-BA6C-4B84BED2A505}.Release|ARM64.ActiveCfg = Release|ARM64
		{25A06654-F92D-43C8-BA6C-4B84BED2A505}.Release|ARM64.Build.0 = Release|ARM64
		{25A06654-F92D-43C8-BA6C-4B84BED2A505}.Release|x64.ActiveCfg = Release|x64
		{25A06654-F92D-43C8-BA6C-4B84BED2A505}.Release|x64.Build.0 = Release|x64
		{25A06654-F92D-43C8-BA6C-4B84BED2A505}.Release|x86.ActiveCfg = Release|x86
		{25A06654-F92D-43C8-BA6C-4B84BED2A505}.Release|x86.Build.0 = Release|x86
		{A16112E3-DC85-445A-9E59-A64203F449FE}.Debug|Any CPU.ActiveCfg = Debug|Any CPU
		{A16112E3-DC85-445A-9E59-A64203F449FE}.Debug|Any CPU.Build.0 = Debug|Any CPU
		{A16112E3-DC85-445A-9E59-A64203F449FE}.Debug|ARM64.ActiveCfg = Debug|Any CPU
		{A16112E3-DC85-445A-9E59-A64203F449FE}.Debug|ARM64.Build.0 = Debug|Any CPU
		{A16112E3-DC85-445A-9E59-A64203F449FE}.Debug|x64.ActiveCfg = Debug|Any CPU
		{A16112E3-DC85-445A-9E59-A64203F449FE}.Debug|x64.Build.0 = Debug|Any CPU
		{A16112E3-DC85-445A-9E59-A64203F449FE}.Debug|x86.ActiveCfg = Debug|Any CPU
		{A16112E3-DC85-445A-9E59-A64203F449FE}.Debug|x86.Build.0 = Debug|Any CPU
		{A16112E3-DC85-445A-9E59-A64203F449FE}.Release|Any CPU.ActiveCfg = Release|Any CPU
		{A16112E3-DC85-445A-9E59-A64203F449FE}.Release|Any CPU.Build.0 = Release|Any CPU
		{A16112E3-DC85-445A-9E59-A64203F449FE}.Release|ARM64.ActiveCfg = Release|Any CPU
		{A16112E3-DC85-445A-9E59-A64203F449FE}.Release|ARM64.Build.0 = Release|Any CPU
		{A16112E3-DC85-445A-9E59-A64203F449FE}.Release|x64.ActiveCfg = Release|Any CPU
		{A16112E3-DC85-445A-9E59-A64203F449FE}.Release|x64.Build.0 = Release|Any CPU
		{A16112E3-DC85-445A-9E59-A64203F449FE}.Release|x86.ActiveCfg = Release|Any CPU
		{A16112E3-DC85-445A-9E59-A64203F449FE}.Release|x86.Build.0 = Release|Any CPU
		{855D9C39-2E50-4C21-99F3-D2DB153B427A}.Debug|Any CPU.ActiveCfg = Debug|Any CPU
		{855D9C39-2E50-4C21-99F3-D2DB153B427A}.Debug|Any CPU.Build.0 = Debug|Any CPU
		{855D9C39-2E50-4C21-99F3-D2DB153B427A}.Debug|ARM64.ActiveCfg = Debug|Any CPU
		{855D9C39-2E50-4C21-99F3-D2DB153B427A}.Debug|ARM64.Build.0 = Debug|Any CPU
		{855D9C39-2E50-4C21-99F3-D2DB153B427A}.Debug|x64.ActiveCfg = Debug|Any CPU
		{855D9C39-2E50-4C21-99F3-D2DB153B427A}.Debug|x64.Build.0 = Debug|Any CPU
		{855D9C39-2E50-4C21-99F3-D2DB153B427A}.Debug|x86.ActiveCfg = Debug|Any CPU
		{855D9C39-2E50-4C21-99F3-D2DB153B427A}.Debug|x86.Build.0 = Debug|Any CPU
		{855D9C39-2E50-4C21-99F3-D2DB153B427A}.Release|Any CPU.ActiveCfg = Release|Any CPU
		{855D9C39-2E50-4C21-99F3-D2DB153B427A}.Release|Any CPU.Build.0 = Release|Any CPU
		{855D9C39-2E50-4C21-99F3-D2DB153B427A}.Release|ARM64.ActiveCfg = Release|Any CPU
		{855D9C39-2E50-4C21-99F3-D2DB153B427A}.Release|ARM64.Build.0 = Release|Any CPU
		{855D9C39-2E50-4C21-99F3-D2DB153B427A}.Release|x64.ActiveCfg = Release|Any CPU
		{855D9C39-2E50-4C21-99F3-D2DB153B427A}.Release|x64.Build.0 = Release|Any CPU
		{855D9C39-2E50-4C21-99F3-D2DB153B427A}.Release|x86.ActiveCfg = Release|Any CPU
		{855D9C39-2E50-4C21-99F3-D2DB153B427A}.Release|x86.Build.0 = Release|Any CPU
		{2958D370-BA2A-448D-A318-E3092B213F81}.Debug|Any CPU.ActiveCfg = Debug|Any CPU
		{2958D370-BA2A-448D-A318-E3092B213F81}.Debug|Any CPU.Build.0 = Debug|Any CPU
		{2958D370-BA2A-448D-A318-E3092B213F81}.Debug|ARM64.ActiveCfg = Debug|Any CPU
		{2958D370-BA2A-448D-A318-E3092B213F81}.Debug|ARM64.Build.0 = Debug|Any CPU
		{2958D370-BA2A-448D-A318-E3092B213F81}.Debug|x64.ActiveCfg = Debug|Any CPU
		{2958D370-BA2A-448D-A318-E3092B213F81}.Debug|x64.Build.0 = Debug|Any CPU
		{2958D370-BA2A-448D-A318-E3092B213F81}.Debug|x86.ActiveCfg = Debug|Any CPU
		{2958D370-BA2A-448D-A318-E3092B213F81}.Debug|x86.Build.0 = Debug|Any CPU
		{2958D370-BA2A-448D-A318-E3092B213F81}.Release|Any CPU.ActiveCfg = Release|Any CPU
		{2958D370-BA2A-448D-A318-E3092B213F81}.Release|Any CPU.Build.0 = Release|Any CPU
		{2958D370-BA2A-448D-A318-E3092B213F81}.Release|ARM64.ActiveCfg = Release|Any CPU
		{2958D370-BA2A-448D-A318-E3092B213F81}.Release|ARM64.Build.0 = Release|Any CPU
		{2958D370-BA2A-448D-A318-E3092B213F81}.Release|x64.ActiveCfg = Release|Any CPU
		{2958D370-BA2A-448D-A318-E3092B213F81}.Release|x64.Build.0 = Release|Any CPU
		{2958D370-BA2A-448D-A318-E3092B213F81}.Release|x86.ActiveCfg = Release|Any CPU
		{2958D370-BA2A-448D-A318-E3092B213F81}.Release|x86.Build.0 = Release|Any CPU
	EndGlobalSection
	GlobalSection(SolutionProperties) = preSolution
		HideSolutionNode = FALSE
	EndGlobalSection
	GlobalSection(ExtensibilityGlobals) = postSolution
		SolutionGuid = {7BD789E2-AC9A-40C1-BD71-A7DA5DFBF325}
	EndGlobalSection
EndGlobal
