
Microsoft Visual Studio Solution File, Format Version 12.00
# Visual Studio Version 16
VisualStudioVersion = 16.0.31112.23
MinimumVisualStudioVersion = 10.0.40219.1
Project("{9A19103F-16F7-4668-BE54-9A1E7A4F7556}") = "FluentCore", "FluentCore\FluentCore.csproj", "{83CC849A-A467-4414-8B99-84BA2C094640}"
EndProject
Project("{9A19103F-16F7-4668-BE54-9A1E7A4F7556}") = "FluentCore.Console", "FluentCore.Console\FluentCore.Console.csproj", "{C2868EE2-6DCB-4B4E-8A20-D092854E6721}"
EndProject
Project("{9A19103F-16F7-4668-BE54-9A1E7A4F7556}") = "FluentCore.Extend", "FluentCore.Extend\FluentCore.Extend.csproj", "{2981059D-CCF8-4F2C-B21E-661F8A98F06B}"
EndProject
Global
	GlobalSection(SolutionConfigurationPlatforms) = preSolution
		Debug|Any CPU = Debug|Any CPU
		Debug|ARM = Debug|ARM
		Debug|ARM64 = Debug|ARM64
		Debug|x64 = Debug|x64
		Debug|x86 = Debug|x86
		Release|Any CPU = Release|Any CPU
		Release|ARM = Release|ARM
		Release|ARM64 = Release|ARM64
		Release|x64 = Release|x64
		Release|x86 = Release|x86
	EndGlobalSection
	GlobalSection(ProjectConfigurationPlatforms) = postSolution
		{83CC849A-A467-4414-8B99-84BA2C094640}.Debug|Any CPU.ActiveCfg = Debug|Any CPU
		{83CC849A-A467-4414-8B99-84BA2C094640}.Debug|Any CPU.Build.0 = Debug|Any CPU
		{83CC849A-A467-4414-8B99-84BA2C094640}.Debug|ARM.ActiveCfg = Debug|Any CPU
		{83CC849A-A467-4414-8B99-84BA2C094640}.Debug|ARM.Build.0 = Debug|Any CPU
		{83CC849A-A467-4414-8B99-84BA2C094640}.Debug|ARM64.ActiveCfg = Debug|Any CPU
		{83CC849A-A467-4414-8B99-84BA2C094640}.Debug|ARM64.Build.0 = Debug|Any CPU
		{83CC849A-A467-4414-8B99-84BA2C094640}.Debug|x64.ActiveCfg = Debug|Any CPU
		{83CC849A-A467-4414-8B99-84BA2C094640}.Debug|x64.Build.0 = Debug|Any CPU
		{83CC849A-A467-4414-8B99-84BA2C094640}.Debug|x86.ActiveCfg = Debug|Any CPU
		{83CC849A-A467-4414-8B99-84BA2C094640}.Debug|x86.Build.0 = Debug|Any CPU
		{83CC849A-A467-4414-8B99-84BA2C094640}.Release|Any CPU.ActiveCfg = Release|Any CPU
		{83CC849A-A467-4414-8B99-84BA2C094640}.Release|Any CPU.Build.0 = Release|Any CPU
		{83CC849A-A467-4414-8B99-84BA2C094640}.Release|ARM.ActiveCfg = Release|Any CPU
		{83CC849A-A467-4414-8B99-84BA2C094640}.Release|ARM.Build.0 = Release|Any CPU
		{83CC849A-A467-4414-8B99-84BA2C094640}.Release|ARM64.ActiveCfg = Release|Any CPU
		{83CC849A-A467-4414-8B99-84BA2C094640}.Release|ARM64.Build.0 = Release|Any CPU
		{83CC849A-A467-4414-8B99-84BA2C094640}.Release|x64.ActiveCfg = Release|Any CPU
		{83CC849A-A467-4414-8B99-84BA2C094640}.Release|x64.Build.0 = Release|Any CPU
		{83CC849A-A467-4414-8B99-84BA2C094640}.Release|x86.ActiveCfg = Release|Any CPU
		{83CC849A-A467-4414-8B99-84BA2C094640}.Release|x86.Build.0 = Release|Any CPU
		{C2868EE2-6DCB-4B4E-8A20-D092854E6721}.Debug|Any CPU.ActiveCfg = Debug|Any CPU
		{C2868EE2-6DCB-4B4E-8A20-D092854E6721}.Debug|Any CPU.Build.0 = Debug|Any CPU
		{C2868EE2-6DCB-4B4E-8A20-D092854E6721}.Debug|ARM.ActiveCfg = Debug|Any CPU
		{C2868EE2-6DCB-4B4E-8A20-D092854E6721}.Debug|ARM.Build.0 = Debug|Any CPU
		{C2868EE2-6DCB-4B4E-8A20-D092854E6721}.Debug|ARM64.ActiveCfg = Debug|Any CPU
		{C2868EE2-6DCB-4B4E-8A20-D092854E6721}.Debug|ARM64.Build.0 = Debug|Any CPU
		{C2868EE2-6DCB-4B4E-8A20-D092854E6721}.Debug|x64.ActiveCfg = Debug|Any CPU
		{C2868EE2-6DCB-4B4E-8A20-D092854E6721}.Debug|x64.Build.0 = Debug|Any CPU
		{C2868EE2-6DCB-4B4E-8A20-D092854E6721}.Debug|x86.ActiveCfg = Debug|Any CPU
		{C2868EE2-6DCB-4B4E-8A20-D092854E6721}.Debug|x86.Build.0 = Debug|Any CPU
		{C2868EE2-6DCB-4B4E-8A20-D092854E6721}.Release|Any CPU.ActiveCfg = Release|Any CPU
		{C2868EE2-6DCB-4B4E-8A20-D092854E6721}.Release|Any CPU.Build.0 = Release|Any CPU
		{C2868EE2-6DCB-4B4E-8A20-D092854E6721}.Release|ARM.ActiveCfg = Release|Any CPU
		{C2868EE2-6DCB-4B4E-8A20-D092854E6721}.Release|ARM.Build.0 = Release|Any CPU
		{C2868EE2-6DCB-4B4E-8A20-D092854E6721}.Release|ARM64.ActiveCfg = Release|Any CPU
		{C2868EE2-6DCB-4B4E-8A20-D092854E6721}.Release|ARM64.Build.0 = Release|Any CPU
		{C2868EE2-6DCB-4B4E-8A20-D092854E6721}.Release|x64.ActiveCfg = Release|Any CPU
		{C2868EE2-6DCB-4B4E-8A20-D092854E6721}.Release|x64.Build.0 = Release|Any CPU
		{C2868EE2-6DCB-4B4E-8A20-D092854E6721}.Release|x86.ActiveCfg = Release|Any CPU
		{C2868EE2-6DCB-4B4E-8A20-D092854E6721}.Release|x86.Build.0 = Release|Any CPU
		{2981059D-CCF8-4F2C-B21E-661F8A98F06B}.Debug|Any CPU.ActiveCfg = Debug|Any CPU
		{2981059D-CCF8-4F2C-B21E-661F8A98F06B}.Debug|Any CPU.Build.0 = Debug|Any CPU
		{2981059D-CCF8-4F2C-B21E-661F8A98F06B}.Debug|ARM.ActiveCfg = Debug|Any CPU
		{2981059D-CCF8-4F2C-B21E-661F8A98F06B}.Debug|ARM.Build.0 = Debug|Any CPU
		{2981059D-CCF8-4F2C-B21E-661F8A98F06B}.Debug|ARM64.ActiveCfg = Debug|Any CPU
		{2981059D-CCF8-4F2C-B21E-661F8A98F06B}.Debug|ARM64.Build.0 = Debug|Any CPU
		{2981059D-CCF8-4F2C-B21E-661F8A98F06B}.Debug|x64.ActiveCfg = Debug|Any CPU
		{2981059D-CCF8-4F2C-B21E-661F8A98F06B}.Debug|x64.Build.0 = Debug|Any CPU
		{2981059D-CCF8-4F2C-B21E-661F8A98F06B}.Debug|x86.ActiveCfg = Debug|Any CPU
		{2981059D-CCF8-4F2C-B21E-661F8A98F06B}.Debug|x86.Build.0 = Debug|Any CPU
		{2981059D-CCF8-4F2C-B21E-661F8A98F06B}.Release|Any CPU.ActiveCfg = Release|Any CPU
		{2981059D-CCF8-4F2C-B21E-661F8A98F06B}.Release|Any CPU.Build.0 = Release|Any CPU
		{2981059D-CCF8-4F2C-B21E-661F8A98F06B}.Release|ARM.ActiveCfg = Release|Any CPU
		{2981059D-CCF8-4F2C-B21E-661F8A98F06B}.Release|ARM.Build.0 = Release|Any CPU
		{2981059D-CCF8-4F2C-B21E-661F8A98F06B}.Release|ARM64.ActiveCfg = Release|Any CPU
		{2981059D-CCF8-4F2C-B21E-661F8A98F06B}.Release|ARM64.Build.0 = Release|Any CPU
		{2981059D-CCF8-4F2C-B21E-661F8A98F06B}.Release|x64.ActiveCfg = Release|Any CPU
		{2981059D-CCF8-4F2C-B21E-661F8A98F06B}.Release|x64.Build.0 = Release|Any CPU
		{2981059D-CCF8-4F2C-B21E-661F8A98F06B}.Release|x86.ActiveCfg = Release|Any CPU
		{2981059D-CCF8-4F2C-B21E-661F8A98F06B}.Release|x86.Build.0 = Release|Any CPU
	EndGlobalSection
	GlobalSection(SolutionProperties) = preSolution
		HideSolutionNode = FALSE
	EndGlobalSection
	GlobalSection(ExtensibilityGlobals) = postSolution
		SolutionGuid = {911613EA-01C9-46A1-A44F-5801B19A4D63}
	EndGlobalSection
EndGlobal
